
Microsoft Visual Studio Solution File, Format Version 12.00
# Visual Studio 14
VisualStudioVersion = 14.0.25420.1
MinimumVisualStudioVersion = 10.0.40219.1
Project("{FAE04EC0-301F-11D3-BF4B-00C04F79EFBC}") = "ReadFilePos", "ConsoleApplication1\ReadFilePos.csproj", "{154A1AE5-B577-4A96-A2C5-C1DD5E792B5D}"
EndProject
Project("{FAE04EC0-301F-11D3-BF4B-00C04F79EFBC}") = "WebApp", "WebApp\WebApp.csproj", "{5CA5A2B1-997C-4207-A05D-71982074A52C}"
EndProject
Project("{FAE04EC0-301F-11D3-BF4B-00C04F79EFBC}") = "MotorSincronizacion", "CreateTask\MotorSincronizacion.csproj", "{8D825285-B3CC-4DC2-9CA2-90E0D692A504}"
	ProjectSection(ProjectDependencies) = postProject
		{01E44DE6-7FF5-47B6-B1F8-6A8AF27E010A} = {01E44DE6-7FF5-47B6-B1F8-6A8AF27E010A}
	EndProjectSection
EndProject
Project("{FAE04EC0-301F-11D3-BF4B-00C04F79EFBC}") = "Wcf", "Wcf\Wcf.csproj", "{01E44DE6-7FF5-47B6-B1F8-6A8AF27E010A}"
EndProject
Project("{FAE04EC0-301F-11D3-BF4B-00C04F79EFBC}") = "SendEmail", "Email\SendEmail.csproj", "{3462BE22-7DB1-4533-BADF-CD3478FB75C5}"
EndProject
Project("{FAE04EC0-301F-11D3-BF4B-00C04F79EFBC}") = "FileXml", "FileXml\FileXml.csproj", "{47B287BB-BC2A-4BB4-B580-DF9CB2C14082}"
EndProject
Project("{FAE04EC0-301F-11D3-BF4B-00C04F79EFBC}") = "TimerRun", "TimerRun\TimerRun.csproj", "{FF68032B-6306-4F62-B3EA-5C2DD7C04340}"
EndProject
Project("{FAE04EC0-301F-11D3-BF4B-00C04F79EFBC}") = "DayColombia", "DayColombia\DayColombia.csproj", "{E918A5CA-A339-4BA9-B52E-5FBBA1B559EB}"
EndProject
Project("{FAE04EC0-301F-11D3-BF4B-00C04F79EFBC}") = "CalendarioColombia", "FestivosColombia\CalendarioColombia.csproj", "{6335A151-85FA-4A71-89FE-99B5A18AE62F}"
EndProject
Project("{2150E333-8FDC-42A3-9474-1A3956D46DE8}") = "Librerias externas", "Librerias externas", "{8171D1C5-0C04-414D-9A23-52B62CD74ED9}"
	ProjectSection(SolutionItems) = preProject
		ASquare.WindowsTaskScheduler.dll = ASquare.WindowsTaskScheduler.dll
		Microsoft.Win32.TaskScheduler.dll = Microsoft.Win32.TaskScheduler.dll
	EndProjectSection
EndProject
Project("{2150E333-8FDC-42A3-9474-1A3956D46DE8}") = "Librerias", "Librerias", "{198D2C50-4ED9-4504-9F83-C081E46A6BBB}"
EndProject
Project("{FAE04EC0-301F-11D3-BF4B-00C04F79EFBC}") = "DllCalendarioColombia", "DllCalendarioColombia\DllCalendarioColombia.csproj", "{CAE9C95D-CA26-4E53-B202-E0D8D2EF585B}"
EndProject
Project("{FAE04EC0-301F-11D3-BF4B-00C04F79EFBC}") = "DllTaskScheduled", "DllTaskScheduled\DllTaskScheduled.csproj", "{8946B875-81D0-4C7E-AFA8-3CE3BF499C64}"
EndProject
Project("{FAE04EC0-301F-11D3-BF4B-00C04F79EFBC}") = "appTareas", "..\..\..\Documents\Visual Studio 2015\Projects\appTareas\appTareas\appTareas.csproj", "{D93728E9-404E-426E-9672-08F71BF2B4F1}"
EndProject
Global
	GlobalSection(SolutionConfigurationPlatforms) = preSolution
		Debug|Any CPU = Debug|Any CPU
		Release|Any CPU = Release|Any CPU
	EndGlobalSection
	GlobalSection(ProjectConfigurationPlatforms) = postSolution
		{154A1AE5-B577-4A96-A2C5-C1DD5E792B5D}.Debug|Any CPU.ActiveCfg = Debug|Any CPU
		{154A1AE5-B577-4A96-A2C5-C1DD5E792B5D}.Debug|Any CPU.Build.0 = Debug|Any CPU
		{154A1AE5-B577-4A96-A2C5-C1DD5E792B5D}.Release|Any CPU.ActiveCfg = Release|Any CPU
		{154A1AE5-B577-4A96-A2C5-C1DD5E792B5D}.Release|Any CPU.Build.0 = Release|Any CPU
		{5CA5A2B1-997C-4207-A05D-71982074A52C}.Debug|Any CPU.ActiveCfg = Debug|Any CPU
		{5CA5A2B1-997C-4207-A05D-71982074A52C}.Debug|Any CPU.Build.0 = Debug|Any CPU
		{5CA5A2B1-997C-4207-A05D-71982074A52C}.Release|Any CPU.ActiveCfg = Release|Any CPU
		{5CA5A2B1-997C-4207-A05D-71982074A52C}.Release|Any CPU.Build.0 = Release|Any CPU
		{8D825285-B3CC-4DC2-9CA2-90E0D692A504}.Debug|Any CPU.ActiveCfg = Debug|Any CPU
		{8D825285-B3CC-4DC2-9CA2-90E0D692A504}.Debug|Any CPU.Build.0 = Debug|Any CPU
		{8D825285-B3CC-4DC2-9CA2-90E0D692A504}.Release|Any CPU.ActiveCfg = Release|Any CPU
		{8D825285-B3CC-4DC2-9CA2-90E0D692A504}.Release|Any CPU.Build.0 = Release|Any CPU
		{01E44DE6-7FF5-47B6-B1F8-6A8AF27E010A}.Debug|Any CPU.ActiveCfg = Debug|Any CPU
		{01E44DE6-7FF5-47B6-B1F8-6A8AF27E010A}.Debug|Any CPU.Build.0 = Debug|Any CPU
		{01E44DE6-7FF5-47B6-B1F8-6A8AF27E010A}.Release|Any CPU.ActiveCfg = Release|Any CPU
		{01E44DE6-7FF5-47B6-B1F8-6A8AF27E010A}.Release|Any CPU.Build.0 = Release|Any CPU
		{3462BE22-7DB1-4533-BADF-CD3478FB75C5}.Debug|Any CPU.ActiveCfg = Debug|Any CPU
		{3462BE22-7DB1-4533-BADF-CD3478FB75C5}.Debug|Any CPU.Build.0 = Debug|Any CPU
		{3462BE22-7DB1-4533-BADF-CD3478FB75C5}.Release|Any CPU.ActiveCfg = Release|Any CPU
		{3462BE22-7DB1-4533-BADF-CD3478FB75C5}.Release|Any CPU.Build.0 = Release|Any CPU
		{47B287BB-BC2A-4BB4-B580-DF9CB2C14082}.Debug|Any CPU.ActiveCfg = Debug|Any CPU
		{47B287BB-BC2A-4BB4-B580-DF9CB2C14082}.Debug|Any CPU.Build.0 = Debug|Any CPU
		{47B287BB-BC2A-4BB4-B580-DF9CB2C14082}.Release|Any CPU.ActiveCfg = Release|Any CPU
		{47B287BB-BC2A-4BB4-B580-DF9CB2C14082}.Release|Any CPU.Build.0 = Release|Any CPU
		{FF68032B-6306-4F62-B3EA-5C2DD7C04340}.Debug|Any CPU.ActiveCfg = Debug|Any CPU
		{FF68032B-6306-4F62-B3EA-5C2DD7C04340}.Debug|Any CPU.Build.0 = Debug|Any CPU
		{FF68032B-6306-4F62-B3EA-5C2DD7C04340}.Release|Any CPU.ActiveCfg = Release|Any CPU
		{FF68032B-6306-4F62-B3EA-5C2DD7C04340}.Release|Any CPU.Build.0 = Release|Any CPU
		{E918A5CA-A339-4BA9-B52E-5FBBA1B559EB}.Debug|Any CPU.ActiveCfg = Debug|Any CPU
		{E918A5CA-A339-4BA9-B52E-5FBBA1B559EB}.Debug|Any CPU.Build.0 = Debug|Any CPU
		{E918A5CA-A339-4BA9-B52E-5FBBA1B559EB}.Release|Any CPU.ActiveCfg = Release|Any CPU
		{E918A5CA-A339-4BA9-B52E-5FBBA1B559EB}.Release|Any CPU.Build.0 = Release|Any CPU
		{6335A151-85FA-4A71-89FE-99B5A18AE62F}.Debug|Any CPU.ActiveCfg = Debug|Any CPU
		{6335A151-85FA-4A71-89FE-99B5A18AE62F}.Debug|Any CPU.Build.0 = Debug|Any CPU
		{6335A151-85FA-4A71-89FE-99B5A18AE62F}.Release|Any CPU.ActiveCfg = Release|Any CPU
		{6335A151-85FA-4A71-89FE-99B5A18AE62F}.Release|Any CPU.Build.0 = Release|Any CPU
		{CAE9C95D-CA26-4E53-B202-E0D8D2EF585B}.Debug|Any CPU.ActiveCfg = Debug|Any CPU
		{CAE9C95D-CA26-4E53-B202-E0D8D2EF585B}.Debug|Any CPU.Build.0 = Debug|Any CPU
		{CAE9C95D-CA26-4E53-B202-E0D8D2EF585B}.Release|Any CPU.ActiveCfg = Release|Any CPU
		{CAE9C95D-CA26-4E53-B202-E0D8D2EF585B}.Release|Any CPU.Build.0 = Release|Any CPU
		{8946B875-81D0-4C7E-AFA8-3CE3BF499C64}.Debug|Any CPU.ActiveCfg = Debug|Any CPU
		{8946B875-81D0-4C7E-AFA8-3CE3BF499C64}.Debug|Any CPU.Build.0 = Debug|Any CPU
		{8946B875-81D0-4C7E-AFA8-3CE3BF499C64}.Release|Any CPU.ActiveCfg = Release|Any CPU
		{8946B875-81D0-4C7E-AFA8-3CE3BF499C64}.Release|Any CPU.Build.0 = Release|Any CPU
		{D93728E9-404E-426E-9672-08F71BF2B4F1}.Debug|Any CPU.ActiveCfg = Debug|Any CPU
		{D93728E9-404E-426E-9672-08F71BF2B4F1}.Debug|Any CPU.Build.0 = Debug|Any CPU
		{D93728E9-404E-426E-9672-08F71BF2B4F1}.Release|Any CPU.ActiveCfg = Release|Any CPU
		{D93728E9-404E-426E-9672-08F71BF2B4F1}.Release|Any CPU.Build.0 = Release|Any CPU
	EndGlobalSection
	GlobalSection(SolutionProperties) = preSolution
		HideSolutionNode = FALSE
	EndGlobalSection
	GlobalSection(NestedProjects) = preSolution
		{CAE9C95D-CA26-4E53-B202-E0D8D2EF585B} = {198D2C50-4ED9-4504-9F83-C081E46A6BBB}
		{8946B875-81D0-4C7E-AFA8-3CE3BF499C64} = {198D2C50-4ED9-4504-9F83-C081E46A6BBB}
	EndGlobalSection
EndGlobal
